
Microsoft Visual Studio Solution File, Format Version 12.00
# Visual Studio Version 16
VisualStudioVersion = 16.0.31729.503
MinimumVisualStudioVersion = 10.0.40219.1
Project("{FAE04EC0-301F-11D3-BF4B-00C04F79EFBC}") = "Dinozoico", "Dinozoico\Dinozoico.csproj", "{F4FA5144-A198-47C5-AF90-258C06F8E802}"
EndProject
Global
	GlobalSection(SolutionConfigurationPlatforms) = preSolution
		Debug|Any CPU = Debug|Any CPU
		Release|Any CPU = Release|Any CPU
	EndGlobalSection
	GlobalSection(ProjectConfigurationPlatforms) = postSolution
		{F4FA5144-A198-47C5-AF90-258C06F8E802}.Debug|Any CPU.ActiveCfg = Debug|Any CPU
		{F4FA5144-A198-47C5-AF90-258C06F8E802}.Debug|Any CPU.Build.0 = Debug|Any CPU
		{F4FA5144-A198-47C5-AF90-258C06F8E802}.Release|Any CPU.ActiveCfg = Release|Any CPU
		{F4FA5144-A198-47C5-AF90-258C06F8E802}.Release|Any CPU.Build.0 = Release|Any CPU
	EndGlobalSection
	GlobalSection(SolutionProperties) = preSolution
		HideSolutionNode = FALSE
	EndGlobalSection
	GlobalSection(ExtensibilityGlobals) = postSolution
		SolutionGuid = {5E94BEF5-883A-47E0-A77D-CDD579ED39D4}
	EndGlobalSection
EndGlobal
